// !$*UTF8*$!
{
	archiveVersion = 1;
	classes = {
	};
	objectVersion = 55;
	objects = {

/* Begin PBXBuildFile section */
		033447D82787B812000E2DD3 /* FeatureCard.swift in Sources */ = {isa = PBXBuildFile; fileRef = 033447D72787B812000E2DD3 /* FeatureCard.swift */; };
		033447DA2787BB71000E2DD3 /* PageView.swift in Sources */ = {isa = PBXBuildFile; fileRef = 033447D92787BB71000E2DD3 /* PageView.swift */; };
		033447DC2787D23E000E2DD3 /* PageControl.swift in Sources */ = {isa = PBXBuildFile; fileRef = 033447DB2787D23E000E2DD3 /* PageControl.swift */; };
		033447E227912E9D000E2DD3 /* Assets.xcassets in Resources */ = {isa = PBXBuildFile; fileRef = 033447E127912E9D000E2DD3 /* Assets.xcassets */; };
		033447E827912E9D000E2DD3 /* WatchLandmarks WatchKit Extension.appex in Embed App Extensions */ = {isa = PBXBuildFile; fileRef = 033447E727912E9D000E2DD3 /* WatchLandmarks WatchKit Extension.appex */; settings = {ATTRIBUTES = (RemoveHeadersOnCopy, ); }; };
		033447ED27912E9D000E2DD3 /* LandmarksApp.swift in Sources */ = {isa = PBXBuildFile; fileRef = 033447EC27912E9D000E2DD3 /* LandmarksApp.swift */; };
		033447EF27912E9D000E2DD3 /* ContentView.swift in Sources */ = {isa = PBXBuildFile; fileRef = 033447EE27912E9D000E2DD3 /* ContentView.swift */; };
		033447F127912E9D000E2DD3 /* NotificationController.swift in Sources */ = {isa = PBXBuildFile; fileRef = 033447F027912E9D000E2DD3 /* NotificationController.swift */; };
		033447F327912E9D000E2DD3 /* NotificationView.swift in Sources */ = {isa = PBXBuildFile; fileRef = 033447F227912E9D000E2DD3 /* NotificationView.swift */; };
		033447F527912E9D000E2DD3 /* ComplicationController.swift in Sources */ = {isa = PBXBuildFile; fileRef = 033447F427912E9D000E2DD3 /* ComplicationController.swift */; };
		033447F727912E9E000E2DD3 /* Assets.xcassets in Resources */ = {isa = PBXBuildFile; fileRef = 033447F627912E9E000E2DD3 /* Assets.xcassets */; };
		033447FA27912E9E000E2DD3 /* Preview Assets.xcassets in Resources */ = {isa = PBXBuildFile; fileRef = 033447F927912E9E000E2DD3 /* Preview Assets.xcassets */; };
		033447FF27912E9E000E2DD3 /* WatchLandmarks.app in Embed Watch Content */ = {isa = PBXBuildFile; fileRef = 033447DF27912E9C000E2DD3 /* WatchLandmarks.app */; settings = {ATTRIBUTES = (RemoveHeadersOnCopy, ); }; };
		03453515276346E600E65216 /* FavoriteButton.swift in Sources */ = {isa = PBXBuildFile; fileRef = 03453514276346E600E65216 /* FavoriteButton.swift */; };
		037700E22786426700EB6D9E /* PageViewController.swift in Sources */ = {isa = PBXBuildFile; fileRef = 037700E12786426700EB6D9E /* PageViewController.swift */; };
		039DB566275F446000E10B31 /* LandmarksApp.swift in Sources */ = {isa = PBXBuildFile; fileRef = 039DB565275F446000E10B31 /* LandmarksApp.swift */; };
		039DB568275F446000E10B31 /* ContentView.swift in Sources */ = {isa = PBXBuildFile; fileRef = 039DB567275F446000E10B31 /* ContentView.swift */; };
		039DB56A275F446100E10B31 /* Assets.xcassets in Resources */ = {isa = PBXBuildFile; fileRef = 039DB569275F446100E10B31 /* Assets.xcassets */; };
		039DB56D275F446100E10B31 /* Preview Assets.xcassets in Resources */ = {isa = PBXBuildFile; fileRef = 039DB56C275F446100E10B31 /* Preview Assets.xcassets */; };
		039DB576275F4BE200E10B31 /* CircleImage.swift in Sources */ = {isa = PBXBuildFile; fileRef = 039DB575275F4BE200E10B31 /* CircleImage.swift */; };
		039DB578276083C900E10B31 /* MapView.swift in Sources */ = {isa = PBXBuildFile; fileRef = 039DB577276083C900E10B31 /* MapView.swift */; };
		039DB57A2760908A00E10B31 /* landmarkData.json in Resources */ = {isa = PBXBuildFile; fileRef = 039DB5792760908A00E10B31 /* landmarkData.json */; };
		039DB57C276090D500E10B31 /* Landmark.swift in Sources */ = {isa = PBXBuildFile; fileRef = 039DB57B276090D500E10B31 /* Landmark.swift */; };
		039DB57E2760939300E10B31 /* ModelData.swift in Sources */ = {isa = PBXBuildFile; fileRef = 039DB57D2760939300E10B31 /* ModelData.swift */; };
		039DB584276096FD00E10B31 /* LandmarkRow.swift in Sources */ = {isa = PBXBuildFile; fileRef = 039DB582276095BF00E10B31 /* LandmarkRow.swift */; };
		039DB5882760997D00E10B31 /* LandmarkList.swift in Sources */ = {isa = PBXBuildFile; fileRef = 039DB5872760997D00E10B31 /* LandmarkList.swift */; };
		039DB58A2761E25400E10B31 /* LandmarkDetail.swift in Sources */ = {isa = PBXBuildFile; fileRef = 039DB5892761E25400E10B31 /* LandmarkDetail.swift */; };
		03A914EA27688DAC00066A12 /* CategoryHome.swift in Sources */ = {isa = PBXBuildFile; fileRef = 03A914E927688DAC00066A12 /* CategoryHome.swift */; };
		03A914EC2769D4FC00066A12 /* CategoryRow.swift in Sources */ = {isa = PBXBuildFile; fileRef = 03A914EB2769D4FC00066A12 /* CategoryRow.swift */; };
		03BEE34927750DD30024CC83 /* CategoryItem.swift in Sources */ = {isa = PBXBuildFile; fileRef = 03BEE34827750DD30024CC83 /* CategoryItem.swift */; };
		03BEE34B2775A9740024CC83 /* Profile.swift in Sources */ = {isa = PBXBuildFile; fileRef = 03BEE34A2775A9740024CC83 /* Profile.swift */; };
		03BEE34E2775AAED0024CC83 /* ProfileHost.swift in Sources */ = {isa = PBXBuildFile; fileRef = 03BEE34D2775AAED0024CC83 /* ProfileHost.swift */; };
		03BEE3502775AB630024CC83 /* ProfileSummary.swift in Sources */ = {isa = PBXBuildFile; fileRef = 03BEE34F2775AB630024CC83 /* ProfileSummary.swift */; };
		03BEE3522775AEF50024CC83 /* HikeBadge.swift in Sources */ = {isa = PBXBuildFile; fileRef = 03BEE3512775AEF50024CC83 /* HikeBadge.swift */; };
		03BEE35427766A130024CC83 /* ProfileEditor.swift in Sources */ = {isa = PBXBuildFile; fileRef = 03BEE35327766A130024CC83 /* ProfileEditor.swift */; };
		03D7B7D82763D6F500655B1B /* HexagonParameters.swift in Sources */ = {isa = PBXBuildFile; fileRef = 03D7B7D72763D6F500655B1B /* HexagonParameters.swift */; };
		03D7B7DA2763DBA000655B1B /* BadgeBackground.swift in Sources */ = {isa = PBXBuildFile; fileRef = 03D7B7D92763DBA000655B1B /* BadgeBackground.swift */; };
		03D7B7DC2763E59200655B1B /* BadgeSymbol.swift in Sources */ = {isa = PBXBuildFile; fileRef = 03D7B7DB2763E59200655B1B /* BadgeSymbol.swift */; };
		03D7B7DE2764114500655B1B /* RotatedBadgeSymbol.swift in Sources */ = {isa = PBXBuildFile; fileRef = 03D7B7DD2764114500655B1B /* RotatedBadgeSymbol.swift */; };
		03D7B7E0276413AB00655B1B /* Badge.swift in Sources */ = {isa = PBXBuildFile; fileRef = 03D7B7DF276413AB00655B1B /* Badge.swift */; };
		03D7B7E527644FB000655B1B /* hikeData.json in Resources */ = {isa = PBXBuildFile; fileRef = 03D7B7E427644FB000655B1B /* hikeData.json */; };
		03D7B7E72764502F00655B1B /* Hike.swift in Sources */ = {isa = PBXBuildFile; fileRef = 03D7B7E62764502F00655B1B /* Hike.swift */; };
		03D7B7ED2764535600655B1B /* GraphCapsule.swift in Sources */ = {isa = PBXBuildFile; fileRef = 03D7B7E92764535600655B1B /* GraphCapsule.swift */; };
		03D7B7EE2764535600655B1B /* HikeGraph.swift in Sources */ = {isa = PBXBuildFile; fileRef = 03D7B7EA2764535600655B1B /* HikeGraph.swift */; };
		03D7B7EF2764535600655B1B /* HikeDetail.swift in Sources */ = {isa = PBXBuildFile; fileRef = 03D7B7EB2764535600655B1B /* HikeDetail.swift */; };
		03D7B7F02764535600655B1B /* HikeView.swift in Sources */ = {isa = PBXBuildFile; fileRef = 03D7B7EC2764535600655B1B /* HikeView.swift */; };
/* End PBXBuildFile section */

/* Begin PBXContainerItemProxy section */
		033447E927912E9D000E2DD3 /* PBXContainerItemProxy */ = {
			isa = PBXContainerItemProxy;
			containerPortal = 039DB55A275F446000E10B31 /* Project object */;
			proxyType = 1;
			remoteGlobalIDString = 033447E627912E9D000E2DD3;
			remoteInfo = "WatchLandmarks WatchKit Extension";
		};
		033447FD27912E9E000E2DD3 /* PBXContainerItemProxy */ = {
			isa = PBXContainerItemProxy;
			containerPortal = 039DB55A275F446000E10B31 /* Project object */;
			proxyType = 1;
			remoteGlobalIDString = 033447DE27912E9C000E2DD3;
			remoteInfo = WatchLandmarks;
		};
/* End PBXContainerItemProxy section */

/* Begin PBXCopyFilesBuildPhase section */
		0334480327912E9E000E2DD3 /* Embed App Extensions */ = {
			isa = PBXCopyFilesBuildPhase;
			buildActionMask = 2147483647;
			dstPath = "";
			dstSubfolderSpec = 13;
			files = (
				033447E827912E9D000E2DD3 /* WatchLandmarks WatchKit Extension.appex in Embed App Extensions */,
			);
			name = "Embed App Extensions";
			runOnlyForDeploymentPostprocessing = 0;
		};
		0334480727912E9E000E2DD3 /* Embed Watch Content */ = {
			isa = PBXCopyFilesBuildPhase;
			buildActionMask = 2147483647;
			dstPath = "$(CONTENTS_FOLDER_PATH)/Watch";
			dstSubfolderSpec = 16;
			files = (
				033447FF27912E9E000E2DD3 /* WatchLandmarks.app in Embed Watch Content */,
			);
			name = "Embed Watch Content";
			runOnlyForDeploymentPostprocessing = 0;
		};
/* End PBXCopyFilesBuildPhase section */

/* Begin PBXFileReference section */
		033447D72787B812000E2DD3 /* FeatureCard.swift */ = {isa = PBXFileReference; lastKnownFileType = sourcecode.swift; path = FeatureCard.swift; sourceTree = "<group>"; };
		033447D92787BB71000E2DD3 /* PageView.swift */ = {isa = PBXFileReference; lastKnownFileType = sourcecode.swift; path = PageView.swift; sourceTree = "<group>"; };
		033447DB2787D23E000E2DD3 /* PageControl.swift */ = {isa = PBXFileReference; lastKnownFileType = sourcecode.swift; path = PageControl.swift; sourceTree = "<group>"; };
		033447DF27912E9C000E2DD3 /* WatchLandmarks.app */ = {isa = PBXFileReference; explicitFileType = wrapper.application; includeInIndex = 0; path = WatchLandmarks.app; sourceTree = BUILT_PRODUCTS_DIR; };
		033447E127912E9D000E2DD3 /* Assets.xcassets */ = {isa = PBXFileReference; lastKnownFileType = folder.assetcatalog; path = Assets.xcassets; sourceTree = "<group>"; };
		033447E727912E9D000E2DD3 /* WatchLandmarks WatchKit Extension.appex */ = {isa = PBXFileReference; explicitFileType = "wrapper.app-extension"; includeInIndex = 0; path = "WatchLandmarks WatchKit Extension.appex"; sourceTree = BUILT_PRODUCTS_DIR; };
		033447EC27912E9D000E2DD3 /* LandmarksApp.swift */ = {isa = PBXFileReference; lastKnownFileType = sourcecode.swift; path = LandmarksApp.swift; sourceTree = "<group>"; };
		033447EE27912E9D000E2DD3 /* ContentView.swift */ = {isa = PBXFileReference; lastKnownFileType = sourcecode.swift; path = ContentView.swift; sourceTree = "<group>"; };
		033447F027912E9D000E2DD3 /* NotificationController.swift */ = {isa = PBXFileReference; lastKnownFileType = sourcecode.swift; path = NotificationController.swift; sourceTree = "<group>"; };
		033447F227912E9D000E2DD3 /* NotificationView.swift */ = {isa = PBXFileReference; lastKnownFileType = sourcecode.swift; path = NotificationView.swift; sourceTree = "<group>"; };
		033447F427912E9D000E2DD3 /* ComplicationController.swift */ = {isa = PBXFileReference; lastKnownFileType = sourcecode.swift; path = ComplicationController.swift; sourceTree = "<group>"; };
		033447F627912E9E000E2DD3 /* Assets.xcassets */ = {isa = PBXFileReference; lastKnownFileType = folder.assetcatalog; path = Assets.xcassets; sourceTree = "<group>"; };
		033447F927912E9E000E2DD3 /* Preview Assets.xcassets */ = {isa = PBXFileReference; lastKnownFileType = folder.assetcatalog; path = "Preview Assets.xcassets"; sourceTree = "<group>"; };
		033447FB27912E9E000E2DD3 /* Info.plist */ = {isa = PBXFileReference; lastKnownFileType = text.plist.xml; path = Info.plist; sourceTree = "<group>"; };
		033447FC27912E9E000E2DD3 /* PushNotificationPayload.apns */ = {isa = PBXFileReference; lastKnownFileType = text; path = PushNotificationPayload.apns; sourceTree = "<group>"; };
		03453514276346E600E65216 /* FavoriteButton.swift */ = {isa = PBXFileReference; lastKnownFileType = sourcecode.swift; path = FavoriteButton.swift; sourceTree = "<group>"; };
		037700E12786426700EB6D9E /* PageViewController.swift */ = {isa = PBXFileReference; lastKnownFileType = sourcecode.swift; path = PageViewController.swift; sourceTree = "<group>"; };
		039DB562275F446000E10B31 /* Landmarks.app */ = {isa = PBXFileReference; explicitFileType = wrapper.application; includeInIndex = 0; path = Landmarks.app; sourceTree = BUILT_PRODUCTS_DIR; };
		039DB565275F446000E10B31 /* LandmarksApp.swift */ = {isa = PBXFileReference; lastKnownFileType = sourcecode.swift; path = LandmarksApp.swift; sourceTree = "<group>"; };
		039DB567275F446000E10B31 /* ContentView.swift */ = {isa = PBXFileReference; lastKnownFileType = sourcecode.swift; path = ContentView.swift; sourceTree = "<group>"; };
		039DB569275F446100E10B31 /* Assets.xcassets */ = {isa = PBXFileReference; lastKnownFileType = folder.assetcatalog; path = Assets.xcassets; sourceTree = "<group>"; };
		039DB56C275F446100E10B31 /* Preview Assets.xcassets */ = {isa = PBXFileReference; lastKnownFileType = folder.assetcatalog; path = "Preview Assets.xcassets"; sourceTree = "<group>"; };
		039DB575275F4BE200E10B31 /* CircleImage.swift */ = {isa = PBXFileReference; lastKnownFileType = sourcecode.swift; path = CircleImage.swift; sourceTree = "<group>"; };
		039DB577276083C900E10B31 /* MapView.swift */ = {isa = PBXFileReference; lastKnownFileType = sourcecode.swift; path = MapView.swift; sourceTree = "<group>"; };
		039DB5792760908A00E10B31 /* landmarkData.json */ = {isa = PBXFileReference; fileEncoding = 4; lastKnownFileType = text.json; path = landmarkData.json; sourceTree = "<group>"; };
		039DB57B276090D500E10B31 /* Landmark.swift */ = {isa = PBXFileReference; lastKnownFileType = sourcecode.swift; path = Landmark.swift; sourceTree = "<group>"; };
		039DB57D2760939300E10B31 /* ModelData.swift */ = {isa = PBXFileReference; lastKnownFileType = sourcecode.swift; path = ModelData.swift; sourceTree = "<group>"; };
		039DB582276095BF00E10B31 /* LandmarkRow.swift */ = {isa = PBXFileReference; lastKnownFileType = sourcecode.swift; path = LandmarkRow.swift; sourceTree = "<group>"; };
		039DB5872760997D00E10B31 /* LandmarkList.swift */ = {isa = PBXFileReference; lastKnownFileType = sourcecode.swift; path = LandmarkList.swift; sourceTree = "<group>"; };
		039DB5892761E25400E10B31 /* LandmarkDetail.swift */ = {isa = PBXFileReference; lastKnownFileType = sourcecode.swift; path = LandmarkDetail.swift; sourceTree = "<group>"; };
		03A914E927688DAC00066A12 /* CategoryHome.swift */ = {isa = PBXFileReference; lastKnownFileType = sourcecode.swift; path = CategoryHome.swift; sourceTree = "<group>"; };
		03A914EB2769D4FC00066A12 /* CategoryRow.swift */ = {isa = PBXFileReference; lastKnownFileType = sourcecode.swift; path = CategoryRow.swift; sourceTree = "<group>"; };
		03BEE34827750DD30024CC83 /* CategoryItem.swift */ = {isa = PBXFileReference; lastKnownFileType = sourcecode.swift; path = CategoryItem.swift; sourceTree = "<group>"; };
		03BEE34A2775A9740024CC83 /* Profile.swift */ = {isa = PBXFileReference; lastKnownFileType = sourcecode.swift; path = Profile.swift; sourceTree = "<group>"; };
		03BEE34D2775AAED0024CC83 /* ProfileHost.swift */ = {isa = PBXFileReference; lastKnownFileType = sourcecode.swift; path = ProfileHost.swift; sourceTree = "<group>"; };
		03BEE34F2775AB630024CC83 /* ProfileSummary.swift */ = {isa = PBXFileReference; lastKnownFileType = sourcecode.swift; path = ProfileSummary.swift; sourceTree = "<group>"; };
		03BEE3512775AEF50024CC83 /* HikeBadge.swift */ = {isa = PBXFileReference; lastKnownFileType = sourcecode.swift; path = HikeBadge.swift; sourceTree = "<group>"; };
		03BEE35327766A130024CC83 /* ProfileEditor.swift */ = {isa = PBXFileReference; lastKnownFileType = sourcecode.swift; path = ProfileEditor.swift; sourceTree = "<group>"; };
		03D7B7D72763D6F500655B1B /* HexagonParameters.swift */ = {isa = PBXFileReference; lastKnownFileType = sourcecode.swift; path = HexagonParameters.swift; sourceTree = "<group>"; };
		03D7B7D92763DBA000655B1B /* BadgeBackground.swift */ = {isa = PBXFileReference; lastKnownFileType = sourcecode.swift; path = BadgeBackground.swift; sourceTree = "<group>"; };
		03D7B7DB2763E59200655B1B /* BadgeSymbol.swift */ = {isa = PBXFileReference; lastKnownFileType = sourcecode.swift; path = BadgeSymbol.swift; sourceTree = "<group>"; };
		03D7B7DD2764114500655B1B /* RotatedBadgeSymbol.swift */ = {isa = PBXFileReference; lastKnownFileType = sourcecode.swift; path = RotatedBadgeSymbol.swift; sourceTree = "<group>"; };
		03D7B7DF276413AB00655B1B /* Badge.swift */ = {isa = PBXFileReference; lastKnownFileType = sourcecode.swift; path = Badge.swift; sourceTree = "<group>"; };
		03D7B7E427644FB000655B1B /* hikeData.json */ = {isa = PBXFileReference; fileEncoding = 4; lastKnownFileType = text.json; path = hikeData.json; sourceTree = "<group>"; };
		03D7B7E62764502F00655B1B /* Hike.swift */ = {isa = PBXFileReference; lastKnownFileType = sourcecode.swift; path = Hike.swift; sourceTree = "<group>"; };
		03D7B7E92764535600655B1B /* GraphCapsule.swift */ = {isa = PBXFileReference; fileEncoding = 4; lastKnownFileType = sourcecode.swift; path = GraphCapsule.swift; sourceTree = "<group>"; };
		03D7B7EA2764535600655B1B /* HikeGraph.swift */ = {isa = PBXFileReference; fileEncoding = 4; lastKnownFileType = sourcecode.swift; path = HikeGraph.swift; sourceTree = "<group>"; };
		03D7B7EB2764535600655B1B /* HikeDetail.swift */ = {isa = PBXFileReference; fileEncoding = 4; lastKnownFileType = sourcecode.swift; path = HikeDetail.swift; sourceTree = "<group>"; };
		03D7B7EC2764535600655B1B /* HikeView.swift */ = {isa = PBXFileReference; fileEncoding = 4; lastKnownFileType = sourcecode.swift; path = HikeView.swift; sourceTree = "<group>"; };
/* End PBXFileReference section */

/* Begin PBXFrameworksBuildPhase section */
		033447E427912E9D000E2DD3 /* Frameworks */ = {
			isa = PBXFrameworksBuildPhase;
			buildActionMask = 2147483647;
			files = (
			);
			runOnlyForDeploymentPostprocessing = 0;
		};
		039DB55F275F446000E10B31 /* Frameworks */ = {
			isa = PBXFrameworksBuildPhase;
			buildActionMask = 2147483647;
			files = (
			);
			runOnlyForDeploymentPostprocessing = 0;
		};
/* End PBXFrameworksBuildPhase section */

/* Begin PBXGroup section */
		033447E027912E9C000E2DD3 /* WatchLandmarks */ = {
			isa = PBXGroup;
			children = (
				033447E127912E9D000E2DD3 /* Assets.xcassets */,
			);
			path = WatchLandmarks;
			sourceTree = "<group>";
		};
		033447EB27912E9D000E2DD3 /* WatchLandmarks WatchKit Extension */ = {
			isa = PBXGroup;
			children = (
				033447EC27912E9D000E2DD3 /* LandmarksApp.swift */,
				033447EE27912E9D000E2DD3 /* ContentView.swift */,
				033447F027912E9D000E2DD3 /* NotificationController.swift */,
				033447F227912E9D000E2DD3 /* NotificationView.swift */,
				033447F427912E9D000E2DD3 /* ComplicationController.swift */,
				033447F627912E9E000E2DD3 /* Assets.xcassets */,
				033447FB27912E9E000E2DD3 /* Info.plist */,
				033447FC27912E9E000E2DD3 /* PushNotificationPayload.apns */,
				033447F827912E9E000E2DD3 /* Preview Content */,
			);
			path = "WatchLandmarks WatchKit Extension";
			sourceTree = "<group>";
		};
		033447F827912E9E000E2DD3 /* Preview Content */ = {
			isa = PBXGroup;
			children = (
				033447F927912E9E000E2DD3 /* Preview Assets.xcassets */,
			);
			path = "Preview Content";
			sourceTree = "<group>";
		};
		03453516276347EA00E65216 /* Landmarks */ = {
			isa = PBXGroup;
			children = (
				039DB5872760997D00E10B31 /* LandmarkList.swift */,
				039DB582276095BF00E10B31 /* LandmarkRow.swift */,
				039DB5892761E25400E10B31 /* LandmarkDetail.swift */,
			);
			path = Landmarks;
			sourceTree = "<group>";
		};
		03453517276347FB00E65216 /* Helps */ = {
			isa = PBXGroup;
			children = (
				039DB575275F4BE200E10B31 /* CircleImage.swift */,
				039DB577276083C900E10B31 /* MapView.swift */,
				03453514276346E600E65216 /* FavoriteButton.swift */,
			);
			path = Helps;
			sourceTree = "<group>";
		};
		037700E02786422F00EB6D9E /* PageView */ = {
			isa = PBXGroup;
			children = (
				037700E12786426700EB6D9E /* PageViewController.swift */,
				033447D72787B812000E2DD3 /* FeatureCard.swift */,
				033447D92787BB71000E2DD3 /* PageView.swift */,
				033447DB2787D23E000E2DD3 /* PageControl.swift */,
			);
			path = PageView;
			sourceTree = "<group>";
		};
		039DB559275F446000E10B31 = {
			isa = PBXGroup;
			children = (
				039DB564275F446000E10B31 /* Landmarks */,
				033447E027912E9C000E2DD3 /* WatchLandmarks */,
				033447EB27912E9D000E2DD3 /* WatchLandmarks WatchKit Extension */,
				039DB563275F446000E10B31 /* Products */,
			);
			sourceTree = "<group>";
		};
		039DB563275F446000E10B31 /* Products */ = {
			isa = PBXGroup;
			children = (
				039DB562275F446000E10B31 /* Landmarks.app */,
				033447DF27912E9C000E2DD3 /* WatchLandmarks.app */,
				033447E727912E9D000E2DD3 /* WatchLandmarks WatchKit Extension.appex */,
			);
			name = Products;
			sourceTree = "<group>";
		};
		039DB564275F446000E10B31 /* Landmarks */ = {
			isa = PBXGroup;
			children = (
				039DB565275F446000E10B31 /* LandmarksApp.swift */,
				03D7B7E62764502F00655B1B /* Hike.swift */,
				039DB57F2760942500E10B31 /* Views */,
				039DB5802760945A00E10B31 /* Model */,
				039DB5812760948700E10B31 /* Resources */,
				039DB569275F446100E10B31 /* Assets.xcassets */,
				039DB56B275F446100E10B31 /* Preview Content */,
			);
			path = Landmarks;
			sourceTree = "<group>";
		};
		039DB56B275F446100E10B31 /* Preview Content */ = {
			isa = PBXGroup;
			children = (
				039DB56C275F446100E10B31 /* Preview Assets.xcassets */,
			);
			path = "Preview Content";
			sourceTree = "<group>";
		};
		039DB57F2760942500E10B31 /* Views */ = {
			isa = PBXGroup;
			children = (
				039DB567275F446000E10B31 /* ContentView.swift */,
				037700E02786422F00EB6D9E /* PageView */,
				03BEE34C2775AACF0024CC83 /* Profiles */,
				03A914E827688D4A00066A12 /* Category */,
				03D7B7E82764535600655B1B /* Hikes */,
				03453516276347EA00E65216 /* Landmarks */,
				03D7B7E12764166700655B1B /* Badge */,
				03453517276347FB00E65216 /* Helps */,
			);
			path = Views;
			sourceTree = "<group>";
		};
		039DB5802760945A00E10B31 /* Model */ = {
			isa = PBXGroup;
			children = (
				039DB57D2760939300E10B31 /* ModelData.swift */,
				039DB57B276090D500E10B31 /* Landmark.swift */,
				03BEE34A2775A9740024CC83 /* Profile.swift */,
			);
			path = Model;
			sourceTree = "<group>";
		};
		039DB5812760948700E10B31 /* Resources */ = {
			isa = PBXGroup;
			children = (
				039DB5792760908A00E10B31 /* landmarkData.json */,
				03D7B7E427644FB000655B1B /* hikeData.json */,
			);
			path = Resources;
			sourceTree = "<group>";
		};
		03A914E827688D4A00066A12 /* Category */ = {
			isa = PBXGroup;
			children = (
				03A914E927688DAC00066A12 /* CategoryHome.swift */,
				03BEE34827750DD30024CC83 /* CategoryItem.swift */,
				03A914EB2769D4FC00066A12 /* CategoryRow.swift */,
			);
			path = Category;
			sourceTree = "<group>";
		};
		03BEE34C2775AACF0024CC83 /* Profiles */ = {
			isa = PBXGroup;
			children = (
				03BEE34D2775AAED0024CC83 /* ProfileHost.swift */,
				03BEE34F2775AB630024CC83 /* ProfileSummary.swift */,
				03BEE35327766A130024CC83 /* ProfileEditor.swift */,
			);
			path = Profiles;
			sourceTree = "<group>";
		};
		03D7B7E12764166700655B1B /* Badge */ = {
			isa = PBXGroup;
			children = (
				03D7B7DF276413AB00655B1B /* Badge.swift */,
				03D7B7D92763DBA000655B1B /* BadgeBackground.swift */,
				03D7B7DB2763E59200655B1B /* BadgeSymbol.swift */,
				03D7B7DD2764114500655B1B /* RotatedBadgeSymbol.swift */,
				03D7B7D72763D6F500655B1B /* HexagonParameters.swift */,
			);
			path = Badge;
			sourceTree = "<group>";
		};
		03D7B7E82764535600655B1B /* Hikes */ = {
			isa = PBXGroup;
			children = (
				03D7B7E92764535600655B1B /* GraphCapsule.swift */,
				03D7B7EA2764535600655B1B /* HikeGraph.swift */,
				03D7B7EB2764535600655B1B /* HikeDetail.swift */,
				03D7B7EC2764535600655B1B /* HikeView.swift */,
				03BEE3512775AEF50024CC83 /* HikeBadge.swift */,
			);
			path = Hikes;
			sourceTree = "<group>";
		};
/* End PBXGroup section */

/* Begin PBXNativeTarget section */
		033447DE27912E9C000E2DD3 /* WatchLandmarks */ = {
			isa = PBXNativeTarget;
			buildConfigurationList = 0334480427912E9E000E2DD3 /* Build configuration list for PBXNativeTarget "WatchLandmarks" */;
			buildPhases = (
				033447DD27912E9C000E2DD3 /* Resources */,
				0334480327912E9E000E2DD3 /* Embed App Extensions */,
			);
			buildRules = (
			);
			dependencies = (
				033447EA27912E9D000E2DD3 /* PBXTargetDependency */,
			);
			name = WatchLandmarks;
			productName = WatchLandmarks;
			productReference = 033447DF27912E9C000E2DD3 /* WatchLandmarks.app */;
			productType = "com.apple.product-type.application.watchapp2";
		};
		033447E627912E9D000E2DD3 /* WatchLandmarks WatchKit Extension */ = {
			isa = PBXNativeTarget;
			buildConfigurationList = 0334480027912E9E000E2DD3 /* Build configuration list for PBXNativeTarget "WatchLandmarks WatchKit Extension" */;
			buildPhases = (
				033447E327912E9D000E2DD3 /* Sources */,
				033447E427912E9D000E2DD3 /* Frameworks */,
				033447E527912E9D000E2DD3 /* Resources */,
			);
			buildRules = (
			);
			dependencies = (
			);
			name = "WatchLandmarks WatchKit Extension";
			productName = "WatchLandmarks WatchKit Extension";
			productReference = 033447E727912E9D000E2DD3 /* WatchLandmarks WatchKit Extension.appex */;
			productType = "com.apple.product-type.watchkit2-extension";
		};
		039DB561275F446000E10B31 /* Landmarks */ = {
			isa = PBXNativeTarget;
			buildConfigurationList = 039DB570275F446100E10B31 /* Build configuration list for PBXNativeTarget "Landmarks" */;
			buildPhases = (
				039DB55E275F446000E10B31 /* Sources */,
				039DB55F275F446000E10B31 /* Frameworks */,
				039DB560275F446000E10B31 /* Resources */,
				0334480727912E9E000E2DD3 /* Embed Watch Content */,
			);
			buildRules = (
			);
			dependencies = (
				033447FE27912E9E000E2DD3 /* PBXTargetDependency */,
			);
			name = Landmarks;
			productName = Landmarks;
			productReference = 039DB562275F446000E10B31 /* Landmarks.app */;
			productType = "com.apple.product-type.application";
		};
/* End PBXNativeTarget section */

/* Begin PBXProject section */
		039DB55A275F446000E10B31 /* Project object */ = {
			isa = PBXProject;
			attributes = {
				BuildIndependentTargetsInParallel = 1;
				LastSwiftUpdateCheck = 1320;
				LastUpgradeCheck = 1310;
				TargetAttributes = {
					033447DE27912E9C000E2DD3 = {
						CreatedOnToolsVersion = 13.2.1;
					};
					033447E627912E9D000E2DD3 = {
						CreatedOnToolsVersion = 13.2.1;
					};
					039DB561275F446000E10B31 = {
						CreatedOnToolsVersion = 13.1;
					};
				};
			};
			buildConfigurationList = 039DB55D275F446000E10B31 /* Build configuration list for PBXProject "Landmarks" */;
			compatibilityVersion = "Xcode 13.0";
			developmentRegion = en;
			hasScannedForEncodings = 0;
			knownRegions = (
				en,
				Base,
			);
			mainGroup = 039DB559275F446000E10B31;
			productRefGroup = 039DB563275F446000E10B31 /* Products */;
			projectDirPath = "";
			projectRoot = "";
			targets = (
				039DB561275F446000E10B31 /* Landmarks */,
				033447DE27912E9C000E2DD3 /* WatchLandmarks */,
				033447E627912E9D000E2DD3 /* WatchLandmarks WatchKit Extension */,
			);
		};
/* End PBXProject section */

/* Begin PBXResourcesBuildPhase section */
		033447DD27912E9C000E2DD3 /* Resources */ = {
			isa = PBXResourcesBuildPhase;
			buildActionMask = 2147483647;
			files = (
				033447E227912E9D000E2DD3 /* Assets.xcassets in Resources */,
			);
			runOnlyForDeploymentPostprocessing = 0;
		};
		033447E527912E9D000E2DD3 /* Resources */ = {
			isa = PBXResourcesBuildPhase;
			buildActionMask = 2147483647;
			files = (
				033447FA27912E9E000E2DD3 /* Preview Assets.xcassets in Resources */,
				033447F727912E9E000E2DD3 /* Assets.xcassets in Resources */,
			);
			runOnlyForDeploymentPostprocessing = 0;
		};
		039DB560275F446000E10B31 /* Resources */ = {
			isa = PBXResourcesBuildPhase;
			buildActionMask = 2147483647;
			files = (
				03D7B7E527644FB000655B1B /* hikeData.json in Resources */,
				039DB56D275F446100E10B31 /* Preview Assets.xcassets in Resources */,
				039DB56A275F446100E10B31 /* Assets.xcassets in Resources */,
				039DB57A2760908A00E10B31 /* landmarkData.json in Resources */,
			);
			runOnlyForDeploymentPostprocessing = 0;
		};
/* End PBXResourcesBuildPhase section */

/* Begin PBXSourcesBuildPhase section */
		033447E327912E9D000E2DD3 /* Sources */ = {
			isa = PBXSourcesBuildPhase;
			buildActionMask = 2147483647;
			files = (
				033447F127912E9D000E2DD3 /* NotificationController.swift in Sources */,
				033447EF27912E9D000E2DD3 /* ContentView.swift in Sources */,
				033447F527912E9D000E2DD3 /* ComplicationController.swift in Sources */,
				033447ED27912E9D000E2DD3 /* LandmarksApp.swift in Sources */,
				033447F327912E9D000E2DD3 /* NotificationView.swift in Sources */,
			);
			runOnlyForDeploymentPostprocessing = 0;
		};
		039DB55E275F446000E10B31 /* Sources */ = {
			isa = PBXSourcesBuildPhase;
			buildActionMask = 2147483647;
			files = (
				03A914EC2769D4FC00066A12 /* CategoryRow.swift in Sources */,
				03BEE34B2775A9740024CC83 /* Profile.swift in Sources */,
				039DB568275F446000E10B31 /* ContentView.swift in Sources */,
				03A914EA27688DAC00066A12 /* CategoryHome.swift in Sources */,
				033447D82787B812000E2DD3 /* FeatureCard.swift in Sources */,
				03D7B7EE2764535600655B1B /* HikeGraph.swift in Sources */,
				03D7B7E0276413AB00655B1B /* Badge.swift in Sources */,
				039DB578276083C900E10B31 /* MapView.swift in Sources */,
				03D7B7ED2764535600655B1B /* GraphCapsule.swift in Sources */,
				039DB566275F446000E10B31 /* LandmarksApp.swift in Sources */,
				033447DC2787D23E000E2DD3 /* PageControl.swift in Sources */,
				03453515276346E600E65216 /* FavoriteButton.swift in Sources */,
				03BEE34927750DD30024CC83 /* CategoryItem.swift in Sources */,
				03D7B7EF2764535600655B1B /* HikeDetail.swift in Sources */,
				03BEE3502775AB630024CC83 /* ProfileSummary.swift in Sources */,
				03D7B7D82763D6F500655B1B /* HexagonParameters.swift in Sources */,
				03BEE34E2775AAED0024CC83 /* ProfileHost.swift in Sources */,
				03D7B7E72764502F00655B1B /* Hike.swift in Sources */,
				03D7B7DE2764114500655B1B /* RotatedBadgeSymbol.swift in Sources */,
				033447DA2787BB71000E2DD3 /* PageView.swift in Sources */,
				03D7B7DC2763E59200655B1B /* BadgeSymbol.swift in Sources */,
				03BEE35427766A130024CC83 /* ProfileEditor.swift in Sources */,
				039DB5882760997D00E10B31 /* LandmarkList.swift in Sources */,
				03D7B7F02764535600655B1B /* HikeView.swift in Sources */,
				039DB58A2761E25400E10B31 /* LandmarkDetail.swift in Sources */,
				037700E22786426700EB6D9E /* PageViewController.swift in Sources */,
				03D7B7DA2763DBA000655B1B /* BadgeBackground.swift in Sources */,
				03BEE3522775AEF50024CC83 /* HikeBadge.swift in Sources */,
				039DB576275F4BE200E10B31 /* CircleImage.swift in Sources */,
				039DB57C276090D500E10B31 /* Landmark.swift in Sources */,
				039DB584276096FD00E10B31 /* LandmarkRow.swift in Sources */,
				039DB57E2760939300E10B31 /* ModelData.swift in Sources */,
			);
			runOnlyForDeploymentPostprocessing = 0;
		};
/* End PBXSourcesBuildPhase section */

/* Begin PBXTargetDependency section */
		033447EA27912E9D000E2DD3 /* PBXTargetDependency */ = {
			isa = PBXTargetDependency;
			target = 033447E627912E9D000E2DD3 /* WatchLandmarks WatchKit Extension */;
			targetProxy = 033447E927912E9D000E2DD3 /* PBXContainerItemProxy */;
		};
		033447FE27912E9E000E2DD3 /* PBXTargetDependency */ = {
			isa = PBXTargetDependency;
			target = 033447DE27912E9C000E2DD3 /* WatchLandmarks */;
			targetProxy = 033447FD27912E9E000E2DD3 /* PBXContainerItemProxy */;
		};
/* End PBXTargetDependency section */

/* Begin XCBuildConfiguration section */
		0334480127912E9E000E2DD3 /* Debug */ = {
			isa = XCBuildConfiguration;
			buildSettings = {
				ASSETCATALOG_COMPILER_COMPLICATION_NAME = Complication;
				CODE_SIGN_STYLE = Automatic;
				CURRENT_PROJECT_VERSION = 1;
				DEVELOPMENT_ASSET_PATHS = "\"WatchLandmarks WatchKit Extension/Preview Content\"";
				DEVELOPMENT_TEAM = 6CDC8UXUDH;
				ENABLE_PREVIEWS = YES;
				GENERATE_INFOPLIST_FILE = YES;
				INFOPLIST_FILE = "WatchLandmarks WatchKit Extension/Info.plist";
				INFOPLIST_KEY_CFBundleDisplayName = "WatchLandmarks WatchKit Extension";
				INFOPLIST_KEY_CLKComplicationPrincipalClass = WatchLandmarks_WatchKit_Extension.ComplicationController;
				INFOPLIST_KEY_NSHumanReadableCopyright = "";
				INFOPLIST_KEY_WKRunsIndependentlyOfCompanionApp = YES;
				LD_RUNPATH_SEARCH_PATHS = (
					"$(inherited)",
					"@executable_path/Frameworks",
					"@executable_path/../../Frameworks",
				);
				MARKETING_VERSION = 1.0;
				PRODUCT_BUNDLE_IDENTIFIER = com.mike.demo.Landmarks.watchkitapp.watchkitextension;
				PRODUCT_NAME = "${TARGET_NAME}";
				SDKROOT = watchos;
				SKIP_INSTALL = YES;
				SWIFT_EMIT_LOC_STRINGS = YES;
				SWIFT_VERSION = 5.0;
				TARGETED_DEVICE_FAMILY = 4;
				WATCHOS_DEPLOYMENT_TARGET = 8.3;
			};
			name = Debug;
		};
		0334480227912E9E000E2DD3 /* Release */ = {
			isa = XCBuildConfiguration;
			buildSettings = {
				ASSETCATALOG_COMPILER_COMPLICATION_NAME = Complication;
				CODE_SIGN_STYLE = Automatic;
				CURRENT_PROJECT_VERSION = 1;
				DEVELOPMENT_ASSET_PATHS = "\"WatchLandmarks WatchKit Extension/Preview Content\"";
				DEVELOPMENT_TEAM = 6CDC8UXUDH;
				ENABLE_PREVIEWS = YES;
				GENERATE_INFOPLIST_FILE = YES;
				INFOPLIST_FILE = "WatchLandmarks WatchKit Extension/Info.plist";
				INFOPLIST_KEY_CFBundleDisplayName = "WatchLandmarks WatchKit Extension";
				INFOPLIST_KEY_CLKComplicationPrincipalClass = WatchLandmarks_WatchKit_Extension.ComplicationController;
				INFOPLIST_KEY_NSHumanReadableCopyright = "";
				INFOPLIST_KEY_WKRunsIndependentlyOfCompanionApp = YES;
				LD_RUNPATH_SEARCH_PATHS = (
					"$(inherited)",
					"@executable_path/Frameworks",
					"@executable_path/../../Frameworks",
				);
				MARKETING_VERSION = 1.0;
				PRODUCT_BUNDLE_IDENTIFIER = com.mike.demo.Landmarks.watchkitapp.watchkitextension;
				PRODUCT_NAME = "${TARGET_NAME}";
				SDKROOT = watchos;
				SKIP_INSTALL = YES;
				SWIFT_EMIT_LOC_STRINGS = YES;
				SWIFT_VERSION = 5.0;
				TARGETED_DEVICE_FAMILY = 4;
				WATCHOS_DEPLOYMENT_TARGET = 8.3;
			};
			name = Release;
		};
		0334480527912E9E000E2DD3 /* Debug */ = {
			isa = XCBuildConfiguration;
			buildSettings = {
				ALWAYS_EMBED_SWIFT_STANDARD_LIBRARIES = YES;
				ASSETCATALOG_COMPILER_APPICON_NAME = AppIcon;
				ASSETCATALOG_COMPILER_GLOBAL_ACCENT_COLOR_NAME = AccentColor;
				CODE_SIGN_STYLE = Automatic;
				CURRENT_PROJECT_VERSION = 1;
				DEVELOPMENT_TEAM = 6CDC8UXUDH;
				GENERATE_INFOPLIST_FILE = YES;
				IBSC_MODULE = WatchLandmarks_WatchKit_Extension;
				INFOPLIST_KEY_CFBundleDisplayName = WatchLandmarks;
				INFOPLIST_KEY_UISupportedInterfaceOrientations = "UIInterfaceOrientationPortrait UIInterfaceOrientationPortraitUpsideDown";
				INFOPLIST_KEY_WKCompanionAppBundleIdentifier = com.mike.demo.Landmarks;
				MARKETING_VERSION = 1.0;
				PRODUCT_BUNDLE_IDENTIFIER = com.mike.demo.Landmarks.watchkitapp;
				PRODUCT_NAME = "$(TARGET_NAME)";
				SDKROOT = watchos;
				SKIP_INSTALL = YES;
				SWIFT_EMIT_LOC_STRINGS = YES;
				SWIFT_VERSION = 5.0;
				TARGETED_DEVICE_FAMILY = 4;
				WATCHOS_DEPLOYMENT_TARGET = 8.3;
			};
			name = Debug;
		};
		0334480627912E9E000E2DD3 /* Release */ = {
			isa = XCBuildConfiguration;
			buildSettings = {
				ALWAYS_EMBED_SWIFT_STANDARD_LIBRARIES = YES;
				ASSETCATALOG_COMPILER_APPICON_NAME = AppIcon;
				ASSETCATALOG_COMPILER_GLOBAL_ACCENT_COLOR_NAME = AccentColor;
				CODE_SIGN_STYLE = Automatic;
				CURRENT_PROJECT_VERSION = 1;
				DEVELOPMENT_TEAM = 6CDC8UXUDH;
				GENERATE_INFOPLIST_FILE = YES;
				IBSC_MODULE = WatchLandmarks_WatchKit_Extension;
				INFOPLIST_KEY_CFBundleDisplayName = WatchLandmarks;
				INFOPLIST_KEY_UISupportedInterfaceOrientations = "UIInterfaceOrientationPortrait UIInterfaceOrientationPortraitUpsideDown";
				INFOPLIST_KEY_WKCompanionAppBundleIdentifier = com.mike.demo.Landmarks;
				MARKETING_VERSION = 1.0;
				PRODUCT_BUNDLE_IDENTIFIER = com.mike.demo.Landmarks.watchkitapp;
				PRODUCT_NAME = "$(TARGET_NAME)";
				SDKROOT = watchos;
				SKIP_INSTALL = YES;
				SWIFT_EMIT_LOC_STRINGS = YES;
				SWIFT_VERSION = 5.0;
				TARGETED_DEVICE_FAMILY = 4;
				WATCHOS_DEPLOYMENT_TARGET = 8.3;
			};
			name = Release;
		};
		039DB56E275F446100E10B31 /* Debug */ = {
			isa = XCBuildConfiguration;
			buildSettings = {
				ALWAYS_SEARCH_USER_PATHS = NO;
				CLANG_ANALYZER_NONNULL = YES;
				CLANG_ANALYZER_NUMBER_OBJECT_CONVERSION = YES_AGGRESSIVE;
				CLANG_CXX_LANGUAGE_STANDARD = "gnu++17";
				CLANG_CXX_LIBRARY = "libc++";
				CLANG_ENABLE_MODULES = YES;
				CLANG_ENABLE_OBJC_ARC = YES;
				CLANG_ENABLE_OBJC_WEAK = YES;
				CLANG_WARN_BLOCK_CAPTURE_AUTORELEASING = YES;
				CLANG_WARN_BOOL_CONVERSION = YES;
				CLANG_WARN_COMMA = YES;
				CLANG_WARN_CONSTANT_CONVERSION = YES;
				CLANG_WARN_DEPRECATED_OBJC_IMPLEMENTATIONS = YES;
				CLANG_WARN_DIRECT_OBJC_ISA_USAGE = YES_ERROR;
				CLANG_WARN_DOCUMENTATION_COMMENTS = YES;
				CLANG_WARN_EMPTY_BODY = YES;
				CLANG_WARN_ENUM_CONVERSION = YES;
				CLANG_WARN_INFINITE_RECURSION = YES;
				CLANG_WARN_INT_CONVERSION = YES;
				CLANG_WARN_NON_LITERAL_NULL_CONVERSION = YES;
				CLANG_WARN_OBJC_IMPLICIT_RETAIN_SELF = YES;
				CLANG_WARN_OBJC_LITERAL_CONVERSION = YES;
				CLANG_WARN_OBJC_ROOT_CLASS = YES_ERROR;
				CLANG_WARN_QUOTED_INCLUDE_IN_FRAMEWORK_HEADER = YES;
				CLANG_WARN_RANGE_LOOP_ANALYSIS = YES;
				CLANG_WARN_STRICT_PROTOTYPES = YES;
				CLANG_WARN_SUSPICIOUS_MOVE = YES;
				CLANG_WARN_UNGUARDED_AVAILABILITY = YES_AGGRESSIVE;
				CLANG_WARN_UNREACHABLE_CODE = YES;
				CLANG_WARN__DUPLICATE_METHOD_MATCH = YES;
				COPY_PHASE_STRIP = NO;
				DEBUG_INFORMATION_FORMAT = dwarf;
				ENABLE_STRICT_OBJC_MSGSEND = YES;
				ENABLE_TESTABILITY = YES;
				GCC_C_LANGUAGE_STANDARD = gnu11;
				GCC_DYNAMIC_NO_PIC = NO;
				GCC_NO_COMMON_BLOCKS = YES;
				GCC_OPTIMIZATION_LEVEL = 0;
				GCC_PREPROCESSOR_DEFINITIONS = (
					"DEBUG=1",
					"$(inherited)",
				);
				GCC_WARN_64_TO_32_BIT_CONVERSION = YES;
				GCC_WARN_ABOUT_RETURN_TYPE = YES_ERROR;
				GCC_WARN_UNDECLARED_SELECTOR = YES;
				GCC_WARN_UNINITIALIZED_AUTOS = YES_AGGRESSIVE;
				GCC_WARN_UNUSED_FUNCTION = YES;
				GCC_WARN_UNUSED_VARIABLE = YES;
				IPHONEOS_DEPLOYMENT_TARGET = 15.0;
				MTL_ENABLE_DEBUG_INFO = INCLUDE_SOURCE;
				MTL_FAST_MATH = YES;
				ONLY_ACTIVE_ARCH = YES;
				SDKROOT = iphoneos;
				SWIFT_ACTIVE_COMPILATION_CONDITIONS = DEBUG;
				SWIFT_OPTIMIZATION_LEVEL = "-Onone";
			};
			name = Debug;
		};
		039DB56F275F446100E10B31 /* Release */ = {
			isa = XCBuildConfiguration;
			buildSettings = {
				ALWAYS_SEARCH_USER_PATHS = NO;
				CLANG_ANALYZER_NONNULL = YES;
				CLANG_ANALYZER_NUMBER_OBJECT_CONVERSION = YES_AGGRESSIVE;
				CLANG_CXX_LANGUAGE_STANDARD = "gnu++17";
				CLANG_CXX_LIBRARY = "libc++";
				CLANG_ENABLE_MODULES = YES;
				CLANG_ENABLE_OBJC_ARC = YES;
				CLANG_ENABLE_OBJC_WEAK = YES;
				CLANG_WARN_BLOCK_CAPTURE_AUTORELEASING = YES;
				CLANG_WARN_BOOL_CONVERSION = YES;
				CLANG_WARN_COMMA = YES;
				CLANG_WARN_CONSTANT_CONVERSION = YES;
				CLANG_WARN_DEPRECATED_OBJC_IMPLEMENTATIONS = YES;
				CLANG_WARN_DIRECT_OBJC_ISA_USAGE = YES_ERROR;
				CLANG_WARN_DOCUMENTATION_COMMENTS = YES;
				CLANG_WARN_EMPTY_BODY = YES;
				CLANG_WARN_ENUM_CONVERSION = YES;
				CLANG_WARN_INFINITE_RECURSION = YES;
				CLANG_WARN_INT_CONVERSION = YES;
				CLANG_WARN_NON_LITERAL_NULL_CONVERSION = YES;
				CLANG_WARN_OBJC_IMPLICIT_RETAIN_SELF = YES;
				CLANG_WARN_OBJC_LITERAL_CONVERSION = YES;
				CLANG_WARN_OBJC_ROOT_CLASS = YES_ERROR;
				CLANG_WARN_QUOTED_INCLUDE_IN_FRAMEWORK_HEADER = YES;
				CLANG_WARN_RANGE_LOOP_ANALYSIS = YES;
				CLANG_WARN_STRICT_PROTOTYPES = YES;
				CLANG_WARN_SUSPICIOUS_MOVE = YES;
				CLANG_WARN_UNGUARDED_AVAILABILITY = YES_AGGRESSIVE;
				CLANG_WARN_UNREACHABLE_CODE = YES;
				CLANG_WARN__DUPLICATE_METHOD_MATCH = YES;
				COPY_PHASE_STRIP = NO;
				DEBUG_INFORMATION_FORMAT = "dwarf-with-dsym";
				ENABLE_NS_ASSERTIONS = NO;
				ENABLE_STRICT_OBJC_MSGSEND = YES;
				GCC_C_LANGUAGE_STANDARD = gnu11;
				GCC_NO_COMMON_BLOCKS = YES;
				GCC_WARN_64_TO_32_BIT_CONVERSION = YES;
				GCC_WARN_ABOUT_RETURN_TYPE = YES_ERROR;
				GCC_WARN_UNDECLARED_SELECTOR = YES;
				GCC_WARN_UNINITIALIZED_AUTOS = YES_AGGRESSIVE;
				GCC_WARN_UNUSED_FUNCTION = YES;
				GCC_WARN_UNUSED_VARIABLE = YES;
				IPHONEOS_DEPLOYMENT_TARGET = 15.0;
				MTL_ENABLE_DEBUG_INFO = NO;
				MTL_FAST_MATH = YES;
				SDKROOT = iphoneos;
				SWIFT_COMPILATION_MODE = wholemodule;
				SWIFT_OPTIMIZATION_LEVEL = "-O";
				VALIDATE_PRODUCT = YES;
			};
			name = Release;
		};
		039DB571275F446100E10B31 /* Debug */ = {
			isa = XCBuildConfiguration;
			buildSettings = {
				ASSETCATALOG_COMPILER_APPICON_NAME = AppIcon;
				ASSETCATALOG_COMPILER_GLOBAL_ACCENT_COLOR_NAME = AccentColor;
				CODE_SIGN_STYLE = Automatic;
				CURRENT_PROJECT_VERSION = 1;
				DEVELOPMENT_ASSET_PATHS = "\"Landmarks/Preview Content\"";
				DEVELOPMENT_TEAM = 6CDC8UXUDH;
				ENABLE_PREVIEWS = YES;
				GENERATE_INFOPLIST_FILE = YES;
				INFOPLIST_KEY_UIApplicationSceneManifest_Generation = YES;
				INFOPLIST_KEY_UIApplicationSupportsIndirectInputEvents = YES;
				INFOPLIST_KEY_UILaunchScreen_Generation = YES;
				INFOPLIST_KEY_UISupportedInterfaceOrientations_iPad = "UIInterfaceOrientationPortrait UIInterfaceOrientationPortraitUpsideDown UIInterfaceOrientationLandscapeLeft UIInterfaceOrientationLandscapeRight";
				INFOPLIST_KEY_UISupportedInterfaceOrientations_iPhone = "UIInterfaceOrientationPortrait UIInterfaceOrientationLandscapeLeft UIInterfaceOrientationLandscapeRight";
				LD_RUNPATH_SEARCH_PATHS = (
					"$(inherited)",
					"@executable_path/Frameworks",
				);
				MARKETING_VERSION = 1.0;
				PRODUCT_BUNDLE_IDENTIFIER = com.mike.demo.Landmarks;
				PRODUCT_NAME = "$(TARGET_NAME)";
				SWIFT_EMIT_LOC_STRINGS = YES;
				SWIFT_VERSION = 5.0;
				TARGETED_DEVICE_FAMILY = "1,2";
			};
			name = Debug;
		};
		039DB572275F446100E10B31 /* Release */ = {
			isa = XCBuildConfiguration;
			buildSettings = {
				ASSETCATALOG_COMPILER_APPICON_NAME = AppIcon;
				ASSETCATALOG_COMPILER_GLOBAL_ACCENT_COLOR_NAME = AccentColor;
				CODE_SIGN_STYLE = Automatic;
				CURRENT_PROJECT_VERSION = 1;
				DEVELOPMENT_ASSET_PATHS = "\"Landmarks/Preview Content\"";
				DEVELOPMENT_TEAM = 6CDC8UXUDH;
				ENABLE_PREVIEWS = YES;
				GENERATE_INFOPLIST_FILE = YES;
				INFOPLIST_KEY_UIApplicationSceneManifest_Generation = YES;
				INFOPLIST_KEY_UIApplicationSupportsIndirectInputEvents = YES;
				INFOPLIST_KEY_UILaunchScreen_Generation = YES;
				INFOPLIST_KEY_UISupportedInterfaceOrientations_iPad = "UIInterfaceOrientationPortrait UIInterfaceOrientationPortraitUpsideDown UIInterfaceOrientationLandscapeLeft UIInterfaceOrientationLandscapeRight";
				INFOPLIST_KEY_UISupportedInterfaceOrientations_iPhone = "UIInterfaceOrientationPortrait UIInterfaceOrientationLandscapeLeft UIInterfaceOrientationLandscapeRight";
				LD_RUNPATH_SEARCH_PATHS = (
					"$(inherited)",
					"@executable_path/Frameworks",
				);
				MARKETING_VERSION = 1.0;
				PRODUCT_BUNDLE_IDENTIFIER = com.mike.demo.Landmarks;
				PRODUCT_NAME = "$(TARGET_NAME)";
				SWIFT_EMIT_LOC_STRINGS = YES;
				SWIFT_VERSION = 5.0;
				TARGETED_DEVICE_FAMILY = "1,2";
			};
			name = Release;
		};
/* End XCBuildConfiguration section */

/* Begin XCConfigurationList section */
		0334480027912E9E000E2DD3 /* Build configuration list for PBXNativeTarget "WatchLandmarks WatchKit Extension" */ = {
			isa = XCConfigurationList;
			buildConfigurations = (
				0334480127912E9E000E2DD3 /* Debug */,
				0334480227912E9E000E2DD3 /* Release */,
			);
			defaultConfigurationIsVisible = 0;
			defaultConfigurationName = Release;
		};
		0334480427912E9E000E2DD3 /* Build configuration list for PBXNativeTarget "WatchLandmarks" */ = {
			isa = XCConfigurationList;
			buildConfigurations = (
				0334480527912E9E000E2DD3 /* Debug */,
				0334480627912E9E000E2DD3 /* Release */,
			);
			defaultConfigurationIsVisible = 0;
			defaultConfigurationName = Release;
		};
		039DB55D275F446000E10B31 /* Build configuration list for PBXProject "Landmarks" */ = {
			isa = XCConfigurationList;
			buildConfigurations = (
				039DB56E275F446100E10B31 /* Debug */,
				039DB56F275F446100E10B31 /* Release */,
			);
			defaultConfigurationIsVisible = 0;
			defaultConfigurationName = Release;
		};
		039DB570275F446100E10B31 /* Build configuration list for PBXNativeTarget "Landmarks" */ = {
			isa = XCConfigurationList;
			buildConfigurations = (
				039DB571275F446100E10B31 /* Debug */,
				039DB572275F446100E10B31 /* Release */,
			);
			defaultConfigurationIsVisible = 0;
			defaultConfigurationName = Release;
		};
/* End XCConfigurationList section */
	};
	rootObject = 039DB55A275F446000E10B31 /* Project object */;
}
